{
  "name": "项目1",
  "lockfileVersion": 2,
  "requires": true,
  "packages": {
    "": {
      "dependencies": {
        "websocket-heartbeat-js": "^1.0.13",
        "websocket-heartbeat-miniprogram": "^1.0.1"
      }
    },
    "node_modules/websocket-heartbeat-js": {
      "version": "1.0.13",
      "resolved": "https://registry.npmmirror.com/websocket-heartbeat-js/-/websocket-heartbeat-js-1.0.13.tgz",
      "integrity": "sha512-vegug/lUsnKqVbvrRtTx+fTB0b/VcW4YDyEzs62y3hoEA9IjEQXltagMMAp0OrUloCT74V9JEVPZk30nfr3RvA=="
    },
    "node_modules/websocket-heartbeat-miniprogram": {
      "version": "1.0.1",
      "resolved": "https://registry.npmmirror.com/websocket-heartbeat-miniprogram/-/websocket-heartbeat-miniprogram-1.0.1.tgz",
      "integrity": "sha512-nRkjJs+IHjtrWeyERWwPtsjXgTtXYjQDLrncKuqgVa0cC0E717y+0jcDsbwx1GAEpVghU8R87yR454xzlg6OTQ=="
    }
  },
  "dependencies": {
    "websocket-heartbeat-js": {
      "version": "1.0.13",
      "resolved": "https://registry.npmmirror.com/websocket-heartbeat-js/-/websocket-heartbeat-js-1.0.13.tgz",
      "integrity": "sha512-vegug/lUsnKqVbvrRtTx+fTB0b/VcW4YDyEzs62y3hoEA9IjEQXltagMMAp0OrUloCT74V9JEVPZk30nfr3RvA=="
    },
    "websocket-heartbeat-miniprogram": {
      "version": "1.0.1",
      "resolved": "https://registry.npmmirror.com/websocket-heartbeat-miniprogram/-/websocket-heartbeat-miniprogram-1.0.1.tgz",
      "integrity": "sha512-nRkjJs+IHjtrWeyERWwPtsjXgTtXYjQDLrncKuqgVa0cC0E717y+0jcDsbwx1GAEpVghU8R87yR454xzlg6OTQ=="
    }
  }
}
